
Microsoft Visual Studio Solution File, Format Version 12.00
# Visual Studio Version 16
VisualStudioVersion = 16.0.30114.105
MinimumVisualStudioVersion = 10.0.40219.1
Project("{FAE04EC0-301F-11D3-BF4B-00C04F79EFBC}") = "API", "API\API.csproj", "{85A235DD-8FAA-4A7D-9B12-6B12A819CB37}"
EndProject
Project("{FAE04EC0-301F-11D3-BF4B-00C04F79EFBC}") = "Application", "Application\Application.csproj", "{D3A0DE17-FF20-4FEA-9262-D73E24CF55FB}"
EndProject
Project("{FAE04EC0-301F-11D3-BF4B-00C04F79EFBC}") = "Domain", "Domain\Domain.csproj", "{44A25088-26A6-412B-B095-33DA6BB76042}"
EndProject
Project("{FAE04EC0-301F-11D3-BF4B-00C04F79EFBC}") = "Persistence", "Persistence\Persistence.csproj", "{15CE32CD-DCDE-47A8-B375-DCB974D0AE96}"
EndProject
Global
	GlobalSection(SolutionConfigurationPlatforms) = preSolution
		Debug|Any CPU = Debug|Any CPU
		Release|Any CPU = Release|Any CPU
	EndGlobalSection
	GlobalSection(SolutionProperties) = preSolution
		HideSolutionNode = FALSE
	EndGlobalSection
	GlobalSection(ProjectConfigurationPlatforms) = postSolution
		{85A235DD-8FAA-4A7D-9B12-6B12A819CB37}.Debug|Any CPU.ActiveCfg = Debug|Any CPU
		{85A235DD-8FAA-4A7D-9B12-6B12A819CB37}.Debug|Any CPU.Build.0 = Debug|Any CPU
		{85A235DD-8FAA-4A7D-9B12-6B12A819CB37}.Release|Any CPU.ActiveCfg = Release|Any CPU
		{85A235DD-8FAA-4A7D-9B12-6B12A819CB37}.Release|Any CPU.Build.0 = Release|Any CPU
		{D3A0DE17-FF20-4FEA-9262-D73E24CF55FB}.Debug|Any CPU.ActiveCfg = Debug|Any CPU
		{D3A0DE17-FF20-4FEA-9262-D73E24CF55FB}.Debug|Any CPU.Build.0 = Debug|Any CPU
		{D3A0DE17-FF20-4FEA-9262-D73E24CF55FB}.Release|Any CPU.ActiveCfg = Release|Any CPU
		{D3A0DE17-FF20-4FEA-9262-D73E24CF55FB}.Release|Any CPU.Build.0 = Release|Any CPU
		{44A25088-26A6-412B-B095-33DA6BB76042}.Debug|Any CPU.ActiveCfg = Debug|Any CPU
		{44A25088-26A6-412B-B095-33DA6BB76042}.Debug|Any CPU.Build.0 = Debug|Any CPU
		{44A25088-26A6-412B-B095-33DA6BB76042}.Release|Any CPU.ActiveCfg = Release|Any CPU
		{44A25088-26A6-412B-B095-33DA6BB76042}.Release|Any CPU.Build.0 = Release|Any CPU
		{15CE32CD-DCDE-47A8-B375-DCB974D0AE96}.Debug|Any CPU.ActiveCfg = Debug|Any CPU
		{15CE32CD-DCDE-47A8-B375-DCB974D0AE96}.Debug|Any CPU.Build.0 = Debug|Any CPU
		{15CE32CD-DCDE-47A8-B375-DCB974D0AE96}.Release|Any CPU.ActiveCfg = Release|Any CPU
		{15CE32CD-DCDE-47A8-B375-DCB974D0AE96}.Release|Any CPU.Build.0 = Release|Any CPU
	EndGlobalSection
EndGlobal
